
Microsoft Visual Studio Solution File, Format Version 12.00
# Visual Studio 2012
Project("{FAE04EC0-301F-11D3-BF4B-00C04F79EFBC}") = "3-5", "3-5\3-5.csproj", "{20BBA88C-A34E-479F-B07C-DABFE5BF0B8A}"
EndProject
Global
	GlobalSection(SolutionConfigurationPlatforms) = preSolution
		Debug|Any CPU = Debug|Any CPU
		Release|Any CPU = Release|Any CPU
	EndGlobalSection
	GlobalSection(ProjectConfigurationPlatforms) = postSolution
		{20BBA88C-A34E-479F-B07C-DABFE5BF0B8A}.Debug|Any CPU.ActiveCfg = Debug|Any CPU
		{20BBA88C-A34E-479F-B07C-DABFE5BF0B8A}.Debug|Any CPU.Build.0 = Debug|Any CPU
		{20BBA88C-A34E-479F-B07C-DABFE5BF0B8A}.Release|Any CPU.ActiveCfg = Release|Any CPU
		{20BBA88C-A34E-479F-B07C-DABFE5BF0B8A}.Release|Any CPU.Build.0 = Release|Any CPU
	EndGlobalSection
	GlobalSection(SolutionProperties) = preSolution
		HideSolutionNode = FALSE
	EndGlobalSection
EndGlobal
