
Microsoft Visual Studio Solution File, Format Version 12.00
# Visual Studio 2012
Project("{FAE04EC0-301F-11D3-BF4B-00C04F79EFBC}") = "1b", "1b\1b.csproj", "{CC3DE635-3B42-4185-B1C4-8E3796C617D7}"
EndProject
Global
	GlobalSection(SolutionConfigurationPlatforms) = preSolution
		Debug|Any CPU = Debug|Any CPU
		Release|Any CPU = Release|Any CPU
	EndGlobalSection
	GlobalSection(ProjectConfigurationPlatforms) = postSolution
		{CC3DE635-3B42-4185-B1C4-8E3796C617D7}.Debug|Any CPU.ActiveCfg = Debug|Any CPU
		{CC3DE635-3B42-4185-B1C4-8E3796C617D7}.Debug|Any CPU.Build.0 = Debug|Any CPU
		{CC3DE635-3B42-4185-B1C4-8E3796C617D7}.Release|Any CPU.ActiveCfg = Release|Any CPU
		{CC3DE635-3B42-4185-B1C4-8E3796C617D7}.Release|Any CPU.Build.0 = Release|Any CPU
	EndGlobalSection
	GlobalSection(SolutionProperties) = preSolution
		HideSolutionNode = FALSE
	EndGlobalSection
EndGlobal
